
Microsoft Visual Studio Solution File, Format Version 12.00
# Visual Studio Version 17
VisualStudioVersion = 17.10.35027.167
MinimumVisualStudioVersion = 10.0.40219.1
Project("{FAE04EC0-301F-11D3-BF4B-00C04F79EFBC}") = "Z6502", "6502\Z6502.csproj", "{4F0D8675-2180-40D4-98A7-4A1AB76639BD}"
EndProject
Global
	GlobalSection(SolutionConfigurationPlatforms) = preSolution
		Debug|Any CPU = Debug|Any CPU
		Release|Any CPU = Release|Any CPU
	EndGlobalSection
	GlobalSection(ProjectConfigurationPlatforms) = postSolution
		{4F0D8675-2180-40D4-98A7-4A1AB76639BD}.Debug|Any CPU.ActiveCfg = Debug|Any CPU
		{4F0D8675-2180-40D4-98A7-4A1AB76639BD}.Debug|Any CPU.Build.0 = Debug|Any CPU
		{4F0D8675-2180-40D4-98A7-4A1AB76639BD}.Release|Any CPU.ActiveCfg = Release|Any CPU
		{4F0D8675-2180-40D4-98A7-4A1AB76639BD}.Release|Any CPU.Build.0 = Release|Any CPU
	EndGlobalSection
	GlobalSection(SolutionProperties) = preSolution
		HideSolutionNode = FALSE
	EndGlobalSection
	GlobalSection(ExtensibilityGlobals) = postSolution
		SolutionGuid = {F45417D7-9E96-4FB3-B8B4-DFA4E3AF12DF}
	EndGlobalSection
EndGlobal
